// !$*UTF8*$!
{
	archiveVersion = 1;
	classes = {
	};
	objectVersion = 53;
	objects = {

/* Begin PBXBuildFile section */
		5763BBE02832376D00CC639B /* LogoutViewController+Extension.swift in Sources */ = {isa = PBXBuildFile; fileRef = 5763BBDF2832376D00CC639B /* LogoutViewController+Extension.swift */; };
		57AB7969282E34F200D22124 /* MapTabViewController.swift in Sources */ = {isa = PBXBuildFile; fileRef = 57AB7968282E34F200D22124 /* MapTabViewController.swift */; };
		57AB796B282E36AB00D22124 /* TableTabViewController.swift in Sources */ = {isa = PBXBuildFile; fileRef = 57AB796A282E36AB00D22124 /* TableTabViewController.swift */; };
		57AB796D282E36EE00D22124 /* InfoPostingViewController.swift in Sources */ = {isa = PBXBuildFile; fileRef = 57AB796C282E36EE00D22124 /* InfoPostingViewController.swift */; };
		57C0FBB0282D5FE500BB967E /* AppDelegate.swift in Sources */ = {isa = PBXBuildFile; fileRef = 57C0FBAF282D5FE500BB967E /* AppDelegate.swift */; };
		57C0FBB2282D5FE500BB967E /* SceneDelegate.swift in Sources */ = {isa = PBXBuildFile; fileRef = 57C0FBB1282D5FE500BB967E /* SceneDelegate.swift */; };
		57C0FBB4282D5FE500BB967E /* LoginViewController.swift in Sources */ = {isa = PBXBuildFile; fileRef = 57C0FBB3282D5FE500BB967E /* LoginViewController.swift */; };
		57C0FBB7282D5FE500BB967E /* Main.storyboard in Resources */ = {isa = PBXBuildFile; fileRef = 57C0FBB5282D5FE500BB967E /* Main.storyboard */; };
		57C0FBB9282D5FE900BB967E /* Assets.xcassets in Resources */ = {isa = PBXBuildFile; fileRef = 57C0FBB8282D5FE900BB967E /* Assets.xcassets */; };
		57C0FBBC282D5FE900BB967E /* LaunchScreen.storyboard in Resources */ = {isa = PBXBuildFile; fileRef = 57C0FBBA282D5FE900BB967E /* LaunchScreen.storyboard */; };
		57C0FBC9282D62AF00BB967E /* StudentInformationModel.swift in Sources */ = {isa = PBXBuildFile; fileRef = 57C0FBC8282D62AF00BB967E /* StudentInformationModel.swift */; };
		57C0FBCE282D678300BB967E /* UdacityAPIClient.swift in Sources */ = {isa = PBXBuildFile; fileRef = 57C0FBCD282D678300BB967E /* UdacityAPIClient.swift */; };
		57C0FBD0282D68D700BB967E /* StudentInformation.swift in Sources */ = {isa = PBXBuildFile; fileRef = 57C0FBCF282D68D700BB967E /* StudentInformation.swift */; };
		57C0FBD2282D6DDA00BB967E /* LoginRequest.swift in Sources */ = {isa = PBXBuildFile; fileRef = 57C0FBD1282D6DDA00BB967E /* LoginRequest.swift */; };
		57C0FBD6282D70E200BB967E /* PublicUserDataResponse.swift in Sources */ = {isa = PBXBuildFile; fileRef = 57C0FBD5282D70E200BB967E /* PublicUserDataResponse.swift */; };
		57C0FBD8282D71D400BB967E /* StudentLocationResponse.swift in Sources */ = {isa = PBXBuildFile; fileRef = 57C0FBD7282D71D400BB967E /* StudentLocationResponse.swift */; };
		57C0FBDA282D724900BB967E /* UpdateStudentLocationResponse.swift in Sources */ = {isa = PBXBuildFile; fileRef = 57C0FBD9282D724900BB967E /* UpdateStudentLocationResponse.swift */; };
		57C0FBDC282D72A800BB967E /* SessionResponse.swift in Sources */ = {isa = PBXBuildFile; fileRef = 57C0FBDB282D72A800BB967E /* SessionResponse.swift */; };
		57C0FBDE282D732C00BB967E /* UdacityAPIResponse.swift in Sources */ = {isa = PBXBuildFile; fileRef = 57C0FBDD282D732C00BB967E /* UdacityAPIResponse.swift */; };
		57C0FBE0282D733E00BB967E /* DeleteResponse.swift in Sources */ = {isa = PBXBuildFile; fileRef = 57C0FBDF282D733E00BB967E /* DeleteResponse.swift */; };
		57C0FBE2282D76B700BB967E /* LoginButton.swift in Sources */ = {isa = PBXBuildFile; fileRef = 57C0FBE1282D76B700BB967E /* LoginButton.swift */; };
		57C0FBE4282D771100BB967E /* LoginTextField.swift in Sources */ = {isa = PBXBuildFile; fileRef = 57C0FBE3282D771100BB967E /* LoginTextField.swift */; };
		57C55A5F2834DC4C0022775C /* ShowAlertViewController+Extension.swift in Sources */ = {isa = PBXBuildFile; fileRef = 57C55A5E2834DC4C0022775C /* ShowAlertViewController+Extension.swift */; };
		57CA2534283B900B0089C077 /* PinLocation.swift in Sources */ = {isa = PBXBuildFile; fileRef = 57CA2533283B900B0089C077 /* PinLocation.swift */; };
		57D0BFB32831641500D91263 /* ErrorResponse.swift in Sources */ = {isa = PBXBuildFile; fileRef = 57D0BFB22831641400D91263 /* ErrorResponse.swift */; };
		57D7F405283A358000C1AE83 /* FindLocationViewController.swift in Sources */ = {isa = PBXBuildFile; fileRef = 57D7F404283A358000C1AE83 /* FindLocationViewController.swift */; };
		57D7F407283A851800C1AE83 /* AddUserRequest.swift in Sources */ = {isa = PBXBuildFile; fileRef = 57D7F406283A851800C1AE83 /* AddUserRequest.swift */; };
		57E0FCBA283773AF00201621 /* ReloadPostsViewController.swift in Sources */ = {isa = PBXBuildFile; fileRef = 57E0FCB9283773AF00201621 /* ReloadPostsViewController.swift */; };
		57EB729E283633D300CE0780 /* OpenWebsiteViewController+Extension.swift in Sources */ = {isa = PBXBuildFile; fileRef = 57EB729D283633D200CE0780 /* OpenWebsiteViewController+Extension.swift */; };
/* End PBXBuildFile section */

/* Begin PBXFileReference section */
		5763BBDF2832376D00CC639B /* LogoutViewController+Extension.swift */ = {isa = PBXFileReference; lastKnownFileType = sourcecode.swift; path = "LogoutViewController+Extension.swift"; sourceTree = "<group>"; };
		57AB7968282E34F200D22124 /* MapTabViewController.swift */ = {isa = PBXFileReference; lastKnownFileType = sourcecode.swift; path = MapTabViewController.swift; sourceTree = "<group>"; };
		57AB796A282E36AB00D22124 /* TableTabViewController.swift */ = {isa = PBXFileReference; lastKnownFileType = sourcecode.swift; path = TableTabViewController.swift; sourceTree = "<group>"; };
		57AB796C282E36EE00D22124 /* InfoPostingViewController.swift */ = {isa = PBXFileReference; lastKnownFileType = sourcecode.swift; path = InfoPostingViewController.swift; sourceTree = "<group>"; };
		57C0FBAC282D5FE500BB967E /* OnTheMap.app */ = {isa = PBXFileReference; explicitFileType = wrapper.application; includeInIndex = 0; path = OnTheMap.app; sourceTree = BUILT_PRODUCTS_DIR; };
		57C0FBAF282D5FE500BB967E /* AppDelegate.swift */ = {isa = PBXFileReference; lastKnownFileType = sourcecode.swift; path = AppDelegate.swift; sourceTree = "<group>"; };
		57C0FBB1282D5FE500BB967E /* SceneDelegate.swift */ = {isa = PBXFileReference; lastKnownFileType = sourcecode.swift; path = SceneDelegate.swift; sourceTree = "<group>"; };
		57C0FBB3282D5FE500BB967E /* LoginViewController.swift */ = {isa = PBXFileReference; lastKnownFileType = sourcecode.swift; path = LoginViewController.swift; sourceTree = "<group>"; };
		57C0FBB6282D5FE500BB967E /* Base */ = {isa = PBXFileReference; lastKnownFileType = file.storyboard; name = Base; path = Base.lproj/Main.storyboard; sourceTree = "<group>"; };
		57C0FBB8282D5FE900BB967E /* Assets.xcassets */ = {isa = PBXFileReference; lastKnownFileType = folder.assetcatalog; path = Assets.xcassets; sourceTree = "<group>"; };
		57C0FBBB282D5FE900BB967E /* Base */ = {isa = PBXFileReference; lastKnownFileType = file.storyboard; name = Base; path = Base.lproj/LaunchScreen.storyboard; sourceTree = "<group>"; };
		57C0FBBD282D5FE900BB967E /* Info.plist */ = {isa = PBXFileReference; lastKnownFileType = text.plist.xml; path = Info.plist; sourceTree = "<group>"; };
		57C0FBC8282D62AF00BB967E /* StudentInformationModel.swift */ = {isa = PBXFileReference; lastKnownFileType = sourcecode.swift; path = StudentInformationModel.swift; sourceTree = "<group>"; };
		57C0FBCD282D678300BB967E /* UdacityAPIClient.swift */ = {isa = PBXFileReference; lastKnownFileType = sourcecode.swift; path = UdacityAPIClient.swift; sourceTree = "<group>"; };
		57C0FBCF282D68D700BB967E /* StudentInformation.swift */ = {isa = PBXFileReference; lastKnownFileType = sourcecode.swift; path = StudentInformation.swift; sourceTree = "<group>"; };
		57C0FBD1282D6DDA00BB967E /* LoginRequest.swift */ = {isa = PBXFileReference; lastKnownFileType = sourcecode.swift; path = LoginRequest.swift; sourceTree = "<group>"; };
		57C0FBD5282D70E200BB967E /* PublicUserDataResponse.swift */ = {isa = PBXFileReference; lastKnownFileType = sourcecode.swift; path = PublicUserDataResponse.swift; sourceTree = "<group>"; };
		57C0FBD7282D71D400BB967E /* StudentLocationResponse.swift */ = {isa = PBXFileReference; lastKnownFileType = sourcecode.swift; path = StudentLocationResponse.swift; sourceTree = "<group>"; };
		57C0FBD9282D724900BB967E /* UpdateStudentLocationResponse.swift */ = {isa = PBXFileReference; lastKnownFileType = sourcecode.swift; path = UpdateStudentLocationResponse.swift; sourceTree = "<group>"; };
		57C0FBDB282D72A800BB967E /* SessionResponse.swift */ = {isa = PBXFileReference; lastKnownFileType = sourcecode.swift; path = SessionResponse.swift; sourceTree = "<group>"; };
		57C0FBDD282D732C00BB967E /* UdacityAPIResponse.swift */ = {isa = PBXFileReference; lastKnownFileType = sourcecode.swift; path = UdacityAPIResponse.swift; sourceTree = "<group>"; };
		57C0FBDF282D733E00BB967E /* DeleteResponse.swift */ = {isa = PBXFileReference; lastKnownFileType = sourcecode.swift; path = DeleteResponse.swift; sourceTree = "<group>"; };
		57C0FBE1282D76B700BB967E /* LoginButton.swift */ = {isa = PBXFileReference; lastKnownFileType = sourcecode.swift; path = LoginButton.swift; sourceTree = "<group>"; };
		57C0FBE3282D771100BB967E /* LoginTextField.swift */ = {isa = PBXFileReference; lastKnownFileType = sourcecode.swift; path = LoginTextField.swift; sourceTree = "<group>"; };
		57C55A5E2834DC4C0022775C /* ShowAlertViewController+Extension.swift */ = {isa = PBXFileReference; lastKnownFileType = sourcecode.swift; path = "ShowAlertViewController+Extension.swift"; sourceTree = "<group>"; };
		57CA2533283B900B0089C077 /* PinLocation.swift */ = {isa = PBXFileReference; lastKnownFileType = sourcecode.swift; path = PinLocation.swift; sourceTree = "<group>"; };
		57D0BFB22831641400D91263 /* ErrorResponse.swift */ = {isa = PBXFileReference; lastKnownFileType = sourcecode.swift; path = ErrorResponse.swift; sourceTree = "<group>"; };
		57D7F404283A358000C1AE83 /* FindLocationViewController.swift */ = {isa = PBXFileReference; lastKnownFileType = sourcecode.swift; path = FindLocationViewController.swift; sourceTree = "<group>"; };
		57D7F406283A851800C1AE83 /* AddUserRequest.swift */ = {isa = PBXFileReference; lastKnownFileType = sourcecode.swift; path = AddUserRequest.swift; sourceTree = "<group>"; };
		57E0FCB9283773AF00201621 /* ReloadPostsViewController.swift */ = {isa = PBXFileReference; lastKnownFileType = sourcecode.swift; path = ReloadPostsViewController.swift; sourceTree = "<group>"; };
		57EB729D283633D200CE0780 /* OpenWebsiteViewController+Extension.swift */ = {isa = PBXFileReference; lastKnownFileType = sourcecode.swift; path = "OpenWebsiteViewController+Extension.swift"; sourceTree = "<group>"; };
/* End PBXFileReference section */

/* Begin PBXFrameworksBuildPhase section */
		57C0FBA9282D5FE500BB967E /* Frameworks */ = {
			isa = PBXFrameworksBuildPhase;
			buildActionMask = 2147483647;
			files = (
			);
			runOnlyForDeploymentPostprocessing = 0;
		};
/* End PBXFrameworksBuildPhase section */

/* Begin PBXGroup section */
		57C0FBA3282D5FE500BB967E = {
			isa = PBXGroup;
			children = (
				57C0FBAE282D5FE500BB967E /* OnTheMap */,
				57C0FBAD282D5FE500BB967E /* Products */,
			);
			sourceTree = "<group>";
		};
		57C0FBAD282D5FE500BB967E /* Products */ = {
			isa = PBXGroup;
			children = (
				57C0FBAC282D5FE500BB967E /* OnTheMap.app */,
			);
			name = Products;
			sourceTree = "<group>";
		};
		57C0FBAE282D5FE500BB967E /* OnTheMap */ = {
			isa = PBXGroup;
			children = (
				57C0FBBD282D5FE900BB967E /* Info.plist */,
				57C0FBAF282D5FE500BB967E /* AppDelegate.swift */,
				57C0FBB1282D5FE500BB967E /* SceneDelegate.swift */,
				57C0FBC5282D615900BB967E /* Model */,
				57C0FBC6282D618400BB967E /* View */,
				57C0FBC4282D60FC00BB967E /* Controller */,
				57C0FBC3282D60D100BB967E /* Assets */,
			);
			path = OnTheMap;
			sourceTree = "<group>";
		};
		57C0FBC3282D60D100BB967E /* Assets */ = {
			isa = PBXGroup;
			children = (
				57C0FBB5282D5FE500BB967E /* Main.storyboard */,
				57C0FBB8282D5FE900BB967E /* Assets.xcassets */,
				57C0FBBA282D5FE900BB967E /* LaunchScreen.storyboard */,
			);
			path = Assets;
			sourceTree = "<group>";
		};
		57C0FBC4282D60FC00BB967E /* Controller */ = {
			isa = PBXGroup;
			children = (
				57C0FBB3282D5FE500BB967E /* LoginViewController.swift */,
				57AB7968282E34F200D22124 /* MapTabViewController.swift */,
				57AB796A282E36AB00D22124 /* TableTabViewController.swift */,
				57AB796C282E36EE00D22124 /* InfoPostingViewController.swift */,
				57E0FCB9283773AF00201621 /* ReloadPostsViewController.swift */,
				57EB729D283633D200CE0780 /* OpenWebsiteViewController+Extension.swift */,
				57D7F404283A358000C1AE83 /* FindLocationViewController.swift */,
				57C55A5E2834DC4C0022775C /* ShowAlertViewController+Extension.swift */,
				5763BBDF2832376D00CC639B /* LogoutViewController+Extension.swift */,
			);
			path = Controller;
			sourceTree = "<group>";
		};
		57C0FBC5282D615900BB967E /* Model */ = {
			isa = PBXGroup;
			children = (
				57C0FBC7282D625700BB967E /* Data */,
				57C0FBCA282D667700BB967E /* UdacityAPI Client */,
				57C0FBCB282D66BF00BB967E /* UdacityAPI Requests */,
				57C0FBCC282D66F100BB967E /* UdacityAPI Responses */,
			);
			path = Model;
			sourceTree = "<group>";
		};
		57C0FBC6282D618400BB967E /* View */ = {
			isa = PBXGroup;
			children = (
				57C0FBE3282D771100BB967E /* LoginTextField.swift */,
				57C0FBE1282D76B700BB967E /* LoginButton.swift */,
				57CA2533283B900B0089C077 /* PinLocation.swift */,
			);
			path = View;
			sourceTree = "<group>";
		};
		57C0FBC7282D625700BB967E /* Data */ = {
			isa = PBXGroup;
			children = (
				57C0FBC8282D62AF00BB967E /* StudentInformationModel.swift */,
			);
			path = Data;
			sourceTree = "<group>";
		};
		57C0FBCA282D667700BB967E /* UdacityAPI Client */ = {
			isa = PBXGroup;
			children = (
				57C0FBCD282D678300BB967E /* UdacityAPIClient.swift */,
			);
			path = "UdacityAPI Client";
			sourceTree = "<group>";
		};
		57C0FBCB282D66BF00BB967E /* UdacityAPI Requests */ = {
			isa = PBXGroup;
			children = (
				57C0FBD1282D6DDA00BB967E /* LoginRequest.swift */,
				57D7F406283A851800C1AE83 /* AddUserRequest.swift */,
			);
			path = "UdacityAPI Requests";
			sourceTree = "<group>";
		};
		57C0FBCC282D66F100BB967E /* UdacityAPI Responses */ = {
			isa = PBXGroup;
			children = (
				57C0FBCF282D68D700BB967E /* StudentInformation.swift */,
				57C0FBD5282D70E200BB967E /* PublicUserDataResponse.swift */,
				57C0FBD7282D71D400BB967E /* StudentLocationResponse.swift */,
				57C0FBD9282D724900BB967E /* UpdateStudentLocationResponse.swift */,
				57C0FBDB282D72A800BB967E /* SessionResponse.swift */,
				57C0FBDD282D732C00BB967E /* UdacityAPIResponse.swift */,
				57C0FBDF282D733E00BB967E /* DeleteResponse.swift */,
				57D0BFB22831641400D91263 /* ErrorResponse.swift */,
			);
			path = "UdacityAPI Responses";
			sourceTree = "<group>";
		};
/* End PBXGroup section */

/* Begin PBXNativeTarget section */
		57C0FBAB282D5FE500BB967E /* OnTheMap */ = {
			isa = PBXNativeTarget;
			buildConfigurationList = 57C0FBC0282D5FE900BB967E /* Build configuration list for PBXNativeTarget "OnTheMap" */;
			buildPhases = (
				57C0FBA8282D5FE500BB967E /* Sources */,
				57C0FBA9282D5FE500BB967E /* Frameworks */,
				57C0FBAA282D5FE500BB967E /* Resources */,
			);
			buildRules = (
			);
			dependencies = (
			);
			name = OnTheMap;
			productName = OnTheMap;
			productReference = 57C0FBAC282D5FE500BB967E /* OnTheMap.app */;
			productType = "com.apple.product-type.application";
		};
/* End PBXNativeTarget section */

/* Begin PBXProject section */
		57C0FBA4282D5FE500BB967E /* Project object */ = {
			isa = PBXProject;
			attributes = {
				BuildIndependentTargetsInParallel = 1;
				LastSwiftUpdateCheck = 1320;
				LastUpgradeCheck = 1320;
				TargetAttributes = {
					57C0FBAB282D5FE500BB967E = {
						CreatedOnToolsVersion = 13.2.1;
					};
				};
			};
			buildConfigurationList = 57C0FBA7282D5FE500BB967E /* Build configuration list for PBXProject "OnTheMap" */;
			compatibilityVersion = "Xcode 11.0";
			developmentRegion = en;
			hasScannedForEncodings = 0;
			knownRegions = (
				en,
				Base,
			);
			mainGroup = 57C0FBA3282D5FE500BB967E;
			productRefGroup = 57C0FBAD282D5FE500BB967E /* Products */;
			projectDirPath = "";
			projectRoot = "";
			targets = (
				57C0FBAB282D5FE500BB967E /* OnTheMap */,
			);
		};
/* End PBXProject section */

/* Begin PBXResourcesBuildPhase section */
		57C0FBAA282D5FE500BB967E /* Resources */ = {
			isa = PBXResourcesBuildPhase;
			buildActionMask = 2147483647;
			files = (
				57C0FBBC282D5FE900BB967E /* LaunchScreen.storyboard in Resources */,
				57C0FBB9282D5FE900BB967E /* Assets.xcassets in Resources */,
				57C0FBB7282D5FE500BB967E /* Main.storyboard in Resources */,
			);
			runOnlyForDeploymentPostprocessing = 0;
		};
/* End PBXResourcesBuildPhase section */

/* Begin PBXSourcesBuildPhase section */
		57C0FBA8282D5FE500BB967E /* Sources */ = {
			isa = PBXSourcesBuildPhase;
			buildActionMask = 2147483647;
			files = (
				57D7F405283A358000C1AE83 /* FindLocationViewController.swift in Sources */,
				57C0FBDC282D72A800BB967E /* SessionResponse.swift in Sources */,
				57C0FBD0282D68D700BB967E /* StudentInformation.swift in Sources */,
				57C0FBB4282D5FE500BB967E /* LoginViewController.swift in Sources */,
				57C0FBCE282D678300BB967E /* UdacityAPIClient.swift in Sources */,
				57C0FBB0282D5FE500BB967E /* AppDelegate.swift in Sources */,
				57C0FBE0282D733E00BB967E /* DeleteResponse.swift in Sources */,
				57C55A5F2834DC4C0022775C /* ShowAlertViewController+Extension.swift in Sources */,
				57D7F407283A851800C1AE83 /* AddUserRequest.swift in Sources */,
				57C0FBC9282D62AF00BB967E /* StudentInformationModel.swift in Sources */,
				57C0FBD2282D6DDA00BB967E /* LoginRequest.swift in Sources */,
				5763BBE02832376D00CC639B /* LogoutViewController+Extension.swift in Sources */,
				57C0FBDA282D724900BB967E /* UpdateStudentLocationResponse.swift in Sources */,
				57C0FBE4282D771100BB967E /* LoginTextField.swift in Sources */,
				57CA2534283B900B0089C077 /* PinLocation.swift in Sources */,
				57C0FBE2282D76B700BB967E /* LoginButton.swift in Sources */,
				57C0FBB2282D5FE500BB967E /* SceneDelegate.swift in Sources */,
				57C0FBD6282D70E200BB967E /* PublicUserDataResponse.swift in Sources */,
				57AB796D282E36EE00D22124 /* InfoPostingViewController.swift in Sources */,
				57E0FCBA283773AF00201621 /* ReloadPostsViewController.swift in Sources */,
				57EB729E283633D300CE0780 /* OpenWebsiteViewController+Extension.swift in Sources */,
				57D0BFB32831641500D91263 /* ErrorResponse.swift in Sources */,
				57C0FBD8282D71D400BB967E /* StudentLocationResponse.swift in Sources */,
				57C0FBDE282D732C00BB967E /* UdacityAPIResponse.swift in Sources */,
				57AB7969282E34F200D22124 /* MapTabViewController.swift in Sources */,
				57AB796B282E36AB00D22124 /* TableTabViewController.swift in Sources */,
			);
			runOnlyForDeploymentPostprocessing = 0;
		};
/* End PBXSourcesBuildPhase section */

/* Begin PBXVariantGroup section */
		57C0FBB5282D5FE500BB967E /* Main.storyboard */ = {
			isa = PBXVariantGroup;
			children = (
				57C0FBB6282D5FE500BB967E /* Base */,
			);
			name = Main.storyboard;
			sourceTree = "<group>";
		};
		57C0FBBA282D5FE900BB967E /* LaunchScreen.storyboard */ = {
			isa = PBXVariantGroup;
			children = (
				57C0FBBB282D5FE900BB967E /* Base */,
			);
			name = LaunchScreen.storyboard;
			sourceTree = "<group>";
		};
/* End PBXVariantGroup section */

/* Begin XCBuildConfiguration section */
		57C0FBBE282D5FE900BB967E /* Debug */ = {
			isa = XCBuildConfiguration;
			buildSettings = {
				ALWAYS_SEARCH_USER_PATHS = NO;
				CLANG_ANALYZER_NONNULL = YES;
				CLANG_ANALYZER_NUMBER_OBJECT_CONVERSION = YES_AGGRESSIVE;
				CLANG_CXX_LANGUAGE_STANDARD = "gnu++17";
				CLANG_CXX_LIBRARY = "libc++";
				CLANG_ENABLE_MODULES = YES;
				CLANG_ENABLE_OBJC_ARC = YES;
				CLANG_ENABLE_OBJC_WEAK = YES;
				CLANG_WARN_BLOCK_CAPTURE_AUTORELEASING = YES;
				CLANG_WARN_BOOL_CONVERSION = YES;
				CLANG_WARN_COMMA = YES;
				CLANG_WARN_CONSTANT_CONVERSION = YES;
				CLANG_WARN_DEPRECATED_OBJC_IMPLEMENTATIONS = YES;
				CLANG_WARN_DIRECT_OBJC_ISA_USAGE = YES_ERROR;
				CLANG_WARN_DOCUMENTATION_COMMENTS = YES;
				CLANG_WARN_EMPTY_BODY = YES;
				CLANG_WARN_ENUM_CONVERSION = YES;
				CLANG_WARN_INFINITE_RECURSION = YES;
				CLANG_WARN_INT_CONVERSION = YES;
				CLANG_WARN_NON_LITERAL_NULL_CONVERSION = YES;
				CLANG_WARN_OBJC_IMPLICIT_RETAIN_SELF = YES;
				CLANG_WARN_OBJC_LITERAL_CONVERSION = YES;
				CLANG_WARN_OBJC_ROOT_CLASS = YES_ERROR;
				CLANG_WARN_QUOTED_INCLUDE_IN_FRAMEWORK_HEADER = YES;
				CLANG_WARN_RANGE_LOOP_ANALYSIS = YES;
				CLANG_WARN_STRICT_PROTOTYPES = YES;
				CLANG_WARN_SUSPICIOUS_MOVE = YES;
				CLANG_WARN_UNGUARDED_AVAILABILITY = YES_AGGRESSIVE;
				CLANG_WARN_UNREACHABLE_CODE = YES;
				CLANG_WARN__DUPLICATE_METHOD_MATCH = YES;
				COPY_PHASE_STRIP = NO;
				DEBUG_INFORMATION_FORMAT = dwarf;
				ENABLE_STRICT_OBJC_MSGSEND = YES;
				ENABLE_TESTABILITY = YES;
				GCC_C_LANGUAGE_STANDARD = gnu11;
				GCC_DYNAMIC_NO_PIC = NO;
				GCC_NO_COMMON_BLOCKS = YES;
				GCC_OPTIMIZATION_LEVEL = 0;
				GCC_PREPROCESSOR_DEFINITIONS = (
					"DEBUG=1",
					"$(inherited)",
				);
				GCC_WARN_64_TO_32_BIT_CONVERSION = YES;
				GCC_WARN_ABOUT_RETURN_TYPE = YES_ERROR;
				GCC_WARN_UNDECLARED_SELECTOR = YES;
				GCC_WARN_UNINITIALIZED_AUTOS = YES_AGGRESSIVE;
				GCC_WARN_UNUSED_FUNCTION = YES;
				GCC_WARN_UNUSED_VARIABLE = YES;
				IPHONEOS_DEPLOYMENT_TARGET = 15.2;
				MTL_ENABLE_DEBUG_INFO = INCLUDE_SOURCE;
				MTL_FAST_MATH = YES;
				ONLY_ACTIVE_ARCH = YES;
				SDKROOT = iphoneos;
				SWIFT_ACTIVE_COMPILATION_CONDITIONS = DEBUG;
				SWIFT_OPTIMIZATION_LEVEL = "-Onone";
			};
			name = Debug;
		};
		57C0FBBF282D5FE900BB967E /* Release */ = {
			isa = XCBuildConfiguration;
			buildSettings = {
				ALWAYS_SEARCH_USER_PATHS = NO;
				CLANG_ANALYZER_NONNULL = YES;
				CLANG_ANALYZER_NUMBER_OBJECT_CONVERSION = YES_AGGRESSIVE;
				CLANG_CXX_LANGUAGE_STANDARD = "gnu++17";
				CLANG_CXX_LIBRARY = "libc++";
				CLANG_ENABLE_MODULES = YES;
				CLANG_ENABLE_OBJC_ARC = YES;
				CLANG_ENABLE_OBJC_WEAK = YES;
				CLANG_WARN_BLOCK_CAPTURE_AUTORELEASING = YES;
				CLANG_WARN_BOOL_CONVERSION = YES;
				CLANG_WARN_COMMA = YES;
				CLANG_WARN_CONSTANT_CONVERSION = YES;
				CLANG_WARN_DEPRECATED_OBJC_IMPLEMENTATIONS = YES;
				CLANG_WARN_DIRECT_OBJC_ISA_USAGE = YES_ERROR;
				CLANG_WARN_DOCUMENTATION_COMMENTS = YES;
				CLANG_WARN_EMPTY_BODY = YES;
				CLANG_WARN_ENUM_CONVERSION = YES;
				CLANG_WARN_INFINITE_RECURSION = YES;
				CLANG_WARN_INT_CONVERSION = YES;
				CLANG_WARN_NON_LITERAL_NULL_CONVERSION = YES;
				CLANG_WARN_OBJC_IMPLICIT_RETAIN_SELF = YES;
				CLANG_WARN_OBJC_LITERAL_CONVERSION = YES;
				CLANG_WARN_OBJC_ROOT_CLASS = YES_ERROR;
				CLANG_WARN_QUOTED_INCLUDE_IN_FRAMEWORK_HEADER = YES;
				CLANG_WARN_RANGE_LOOP_ANALYSIS = YES;
				CLANG_WARN_STRICT_PROTOTYPES = YES;
				CLANG_WARN_SUSPICIOUS_MOVE = YES;
				CLANG_WARN_UNGUARDED_AVAILABILITY = YES_AGGRESSIVE;
				CLANG_WARN_UNREACHABLE_CODE = YES;
				CLANG_WARN__DUPLICATE_METHOD_MATCH = YES;
				COPY_PHASE_STRIP = NO;
				DEBUG_INFORMATION_FORMAT = "dwarf-with-dsym";
				ENABLE_NS_ASSERTIONS = NO;
				ENABLE_STRICT_OBJC_MSGSEND = YES;
				GCC_C_LANGUAGE_STANDARD = gnu11;
				GCC_NO_COMMON_BLOCKS = YES;
				GCC_WARN_64_TO_32_BIT_CONVERSION = YES;
				GCC_WARN_ABOUT_RETURN_TYPE = YES_ERROR;
				GCC_WARN_UNDECLARED_SELECTOR = YES;
				GCC_WARN_UNINITIALIZED_AUTOS = YES_AGGRESSIVE;
				GCC_WARN_UNUSED_FUNCTION = YES;
				GCC_WARN_UNUSED_VARIABLE = YES;
				IPHONEOS_DEPLOYMENT_TARGET = 15.2;
				MTL_ENABLE_DEBUG_INFO = NO;
				MTL_FAST_MATH = YES;
				SDKROOT = iphoneos;
				SWIFT_COMPILATION_MODE = wholemodule;
				SWIFT_OPTIMIZATION_LEVEL = "-O";
				VALIDATE_PRODUCT = YES;
			};
			name = Release;
		};
		57C0FBC1282D5FE900BB967E /* Debug */ = {
			isa = XCBuildConfiguration;
			buildSettings = {
				ASSETCATALOG_COMPILER_APPICON_NAME = AppIcon;
				ASSETCATALOG_COMPILER_GLOBAL_ACCENT_COLOR_NAME = AccentColor;
				CODE_SIGN_STYLE = Automatic;
				CURRENT_PROJECT_VERSION = 1;
				DEVELOPMENT_TEAM = MYK9549KKA;
				GENERATE_INFOPLIST_FILE = YES;
				INFOPLIST_FILE = OnTheMap/Info.plist;
				INFOPLIST_KEY_UIApplicationSupportsIndirectInputEvents = YES;
				INFOPLIST_KEY_UILaunchStoryboardName = LaunchScreen;
				INFOPLIST_KEY_UIMainStoryboardFile = Main;
				INFOPLIST_KEY_UISupportedInterfaceOrientations_iPad = "UIInterfaceOrientationPortrait UIInterfaceOrientationPortraitUpsideDown UIInterfaceOrientationLandscapeLeft UIInterfaceOrientationLandscapeRight";
				INFOPLIST_KEY_UISupportedInterfaceOrientations_iPhone = "UIInterfaceOrientationPortrait UIInterfaceOrientationLandscapeLeft UIInterfaceOrientationLandscapeRight";
				LD_RUNPATH_SEARCH_PATHS = (
					"$(inherited)",
					"@executable_path/Frameworks",
				);
				MARKETING_VERSION = 1.0;
				PRODUCT_BUNDLE_IDENTIFIER = TempusMachina.OnTheMap;
				PRODUCT_NAME = "$(TARGET_NAME)";
				SWIFT_EMIT_LOC_STRINGS = YES;
				SWIFT_VERSION = 5.0;
				TARGETED_DEVICE_FAMILY = "1,2";
			};
			name = Debug;
		};
		57C0FBC2282D5FE900BB967E /* Release */ = {
			isa = XCBuildConfiguration;
			buildSettings = {
				ASSETCATALOG_COMPILER_APPICON_NAME = AppIcon;
				ASSETCATALOG_COMPILER_GLOBAL_ACCENT_COLOR_NAME = AccentColor;
				CODE_SIGN_STYLE = Automatic;
				CURRENT_PROJECT_VERSION = 1;
				DEVELOPMENT_TEAM = MYK9549KKA;
				GENERATE_INFOPLIST_FILE = YES;
				INFOPLIST_FILE = OnTheMap/Info.plist;
				INFOPLIST_KEY_UIApplicationSupportsIndirectInputEvents = YES;
				INFOPLIST_KEY_UILaunchStoryboardName = LaunchScreen;
				INFOPLIST_KEY_UIMainStoryboardFile = Main;
				INFOPLIST_KEY_UISupportedInterfaceOrientations_iPad = "UIInterfaceOrientationPortrait UIInterfaceOrientationPortraitUpsideDown UIInterfaceOrientationLandscapeLeft UIInterfaceOrientationLandscapeRight";
				INFOPLIST_KEY_UISupportedInterfaceOrientations_iPhone = "UIInterfaceOrientationPortrait UIInterfaceOrientationLandscapeLeft UIInterfaceOrientationLandscapeRight";
				LD_RUNPATH_SEARCH_PATHS = (
					"$(inherited)",
					"@executable_path/Frameworks",
				);
				MARKETING_VERSION = 1.0;
				PRODUCT_BUNDLE_IDENTIFIER = TempusMachina.OnTheMap;
				PRODUCT_NAME = "$(TARGET_NAME)";
				SWIFT_EMIT_LOC_STRINGS = YES;
				SWIFT_VERSION = 5.0;
				TARGETED_DEVICE_FAMILY = "1,2";
			};
			name = Release;
		};
/* End XCBuildConfiguration section */

/* Begin XCConfigurationList section */
		57C0FBA7282D5FE500BB967E /* Build configuration list for PBXProject "OnTheMap" */ = {
			isa = XCConfigurationList;
			buildConfigurations = (
				57C0FBBE282D5FE900BB967E /* Debug */,
				57C0FBBF282D5FE900BB967E /* Release */,
			);
			defaultConfigurationIsVisible = 0;
			defaultConfigurationName = Release;
		};
		57C0FBC0282D5FE900BB967E /* Build configuration list for PBXNativeTarget "OnTheMap" */ = {
			isa = XCConfigurationList;
			buildConfigurations = (
				57C0FBC1282D5FE900BB967E /* Debug */,
				57C0FBC2282D5FE900BB967E /* Release */,
			);
			defaultConfigurationIsVisible = 0;
			defaultConfigurationName = Release;
		};
/* End XCConfigurationList section */
	};
	rootObject = 57C0FBA4282D5FE500BB967E /* Project object */;
}
